
Microsoft Visual Studio Solution File, Format Version 12.00
# Visual Studio Version 17
VisualStudioVersion = 17.6.33815.320
MinimumVisualStudioVersion = 10.0.40219.1
Project("{9A19103F-16F7-4668-BE54-9A1E7A4F7556}") = "RSSI webAPI", "RSSI webAPI\RSSI webAPI.csproj", "{16449BCA-908E-487F-9A9C-A95D56A08C92}"
EndProject
Global
	GlobalSection(SolutionConfigurationPlatforms) = preSolution
		Debug|Any CPU = Debug|Any CPU
		Release|Any CPU = Release|Any CPU
	EndGlobalSection
	GlobalSection(ProjectConfigurationPlatforms) = postSolution
		{16449BCA-908E-487F-9A9C-A95D56A08C92}.Debug|Any CPU.ActiveCfg = Debug|Any CPU
		{16449BCA-908E-487F-9A9C-A95D56A08C92}.Debug|Any CPU.Build.0 = Debug|Any CPU
		{16449BCA-908E-487F-9A9C-A95D56A08C92}.Release|Any CPU.ActiveCfg = Release|Any CPU
		{16449BCA-908E-487F-9A9C-A95D56A08C92}.Release|Any CPU.Build.0 = Release|Any CPU
	EndGlobalSection
	GlobalSection(SolutionProperties) = preSolution
		HideSolutionNode = FALSE
	EndGlobalSection
	GlobalSection(ExtensibilityGlobals) = postSolution
		SolutionGuid = {BB0001AA-03CA-4215-837B-20884CC6D550}
	EndGlobalSection
EndGlobal
